# This file is autogenerated, do not edit; changes may be undone by the next 'dep ensure'.


[[projects]]
  branch = "master"
  name = "github.com/frostschutz/go-fibmap"
  packages = ["."]
  revision = "b32c231bfe6a911d413c4a240f560d92e31ef976"

[solve-meta]
  analyzer-name = "dep"
  analyzer-version = 1
  inputs-digest = "99adf0db23c8462f386f0d1c3fb9b414d26eeb0313d81da7478ad61d3abdb1e7"
  solver-name = "gps-cdcl"
  solver-version = 1
